
Microsoft Visual Studio Solution File, Format Version 12.00
# Visual Studio Version 17
VisualStudioVersion = 17.5.33516.290
MinimumVisualStudioVersion = 10.0.40219.1
Project("{FAE04EC0-301F-11D3-BF4B-00C04F79EFBC}") = "PieShop", "PieShop\PieShop.csproj", "{FDF24D55-8D37-4EF9-81B2-C04563650CAA}"
EndProject
Global
	GlobalSection(SolutionConfigurationPlatforms) = preSolution
		Debug|Any CPU = Debug|Any CPU
		Release|Any CPU = Release|Any CPU
	EndGlobalSection
	GlobalSection(ProjectConfigurationPlatforms) = postSolution
		{FDF24D55-8D37-4EF9-81B2-C04563650CAA}.Debug|Any CPU.ActiveCfg = Debug|Any CPU
		{FDF24D55-8D37-4EF9-81B2-C04563650CAA}.Debug|Any CPU.Build.0 = Debug|Any CPU
		{FDF24D55-8D37-4EF9-81B2-C04563650CAA}.Release|Any CPU.ActiveCfg = Release|Any CPU
		{FDF24D55-8D37-4EF9-81B2-C04563650CAA}.Release|Any CPU.Build.0 = Release|Any CPU
	EndGlobalSection
	GlobalSection(SolutionProperties) = preSolution
		HideSolutionNode = FALSE
	EndGlobalSection
	GlobalSection(ExtensibilityGlobals) = postSolution
		SolutionGuid = {6185267F-91F0-4976-A4B9-C59D025E9CBA}
	EndGlobalSection
EndGlobal
